
Microsoft Visual Studio Solution File, Format Version 12.00
# Visual Studio Version 16
VisualStudioVersion = 16.0.30503.244
MinimumVisualStudioVersion = 10.0.40219.1
Project("{FAE04EC0-301F-11D3-BF4B-00C04F79EFBC}") = "Something", "Something\Something.csproj", "{BF8A2C45-D30A-4734-AA48-5BE7A0E517EA}"
EndProject
Project("{FAE04EC0-301F-11D3-BF4B-00C04F79EFBC}") = "Content", "Content\Content.csproj", "{B95CFF32-132A-4B89-A897-985AEDF69C94}"
EndProject
Project("{FAE04EC0-301F-11D3-BF4B-00C04F79EFBC}") = "ini", "ini\ini.csproj", "{FB5C3AEA-8D56-4B86-9EBD-B90CEBE0622C}"
EndProject
Global
	GlobalSection(SolutionConfigurationPlatforms) = preSolution
		Debug|Any CPU = Debug|Any CPU
		Release|Any CPU = Release|Any CPU
	EndGlobalSection
	GlobalSection(ProjectConfigurationPlatforms) = postSolution
		{BF8A2C45-D30A-4734-AA48-5BE7A0E517EA}.Debug|Any CPU.ActiveCfg = Debug|Any CPU
		{BF8A2C45-D30A-4734-AA48-5BE7A0E517EA}.Debug|Any CPU.Build.0 = Debug|Any CPU
		{BF8A2C45-D30A-4734-AA48-5BE7A0E517EA}.Release|Any CPU.ActiveCfg = Release|Any CPU
		{BF8A2C45-D30A-4734-AA48-5BE7A0E517EA}.Release|Any CPU.Build.0 = Release|Any CPU
		{B95CFF32-132A-4B89-A897-985AEDF69C94}.Debug|Any CPU.ActiveCfg = Debug|Any CPU
		{B95CFF32-132A-4B89-A897-985AEDF69C94}.Debug|Any CPU.Build.0 = Debug|Any CPU
		{B95CFF32-132A-4B89-A897-985AEDF69C94}.Release|Any CPU.ActiveCfg = Release|Any CPU
		{B95CFF32-132A-4B89-A897-985AEDF69C94}.Release|Any CPU.Build.0 = Release|Any CPU
		{FB5C3AEA-8D56-4B86-9EBD-B90CEBE0622C}.Debug|Any CPU.ActiveCfg = Debug|Any CPU
		{FB5C3AEA-8D56-4B86-9EBD-B90CEBE0622C}.Debug|Any CPU.Build.0 = Debug|Any CPU
		{FB5C3AEA-8D56-4B86-9EBD-B90CEBE0622C}.Release|Any CPU.ActiveCfg = Release|Any CPU
		{FB5C3AEA-8D56-4B86-9EBD-B90CEBE0622C}.Release|Any CPU.Build.0 = Release|Any CPU
	EndGlobalSection
	GlobalSection(SolutionProperties) = preSolution
		HideSolutionNode = FALSE
	EndGlobalSection
	GlobalSection(ExtensibilityGlobals) = postSolution
		SolutionGuid = {96AC9568-7CEF-47C0-8E4A-6D4D849F48CD}
	EndGlobalSection
EndGlobal
